# This file is automatically @generated by Cargo.
# It is not intended for manual editing.
version = 3

[[package]]
name = "cfg-if"
version = "0.1.10"
source = "registry+https://github.com/rust-lang/crates.io-index"
checksum = "4785bdd1c96b2a846b2bd7cc02e86b6b3dbf14e7e53446c4f54c92a361040822"

[[package]]
name = "day17"
version = "0.1.0"
dependencies = [
 "len-trait",
]

[[package]]
name = "len-trait"
version = "0.6.1"
source = "registry+https://github.com/rust-lang/crates.io-index"
checksum = "723558ab8acaa07cb831b424cd164b587ddc1648b34748a30953c404e9a4a65b"
dependencies = [
 "cfg-if",
]
